
Microsoft Visual Studio Solution File, Format Version 12.00
# Visual Studio Version 17
VisualStudioVersion = 17.14.36518.9
MinimumVisualStudioVersion = 10.0.40219.1
Project("{FAE04EC0-301F-11D3-BF4B-00C04F79EFBC}") = "UI", "UI\UI.csproj", "{2C0CF455-164C-491F-B35F-3CED8E9B380C}"
EndProject
Project("{FAE04EC0-301F-11D3-BF4B-00C04F79EFBC}") = "Domain", "Domain\Domain.csproj", "{65CC16DE-4EAD-4F67-9533-94B2CD1109B5}"
EndProject
Project("{FAE04EC0-301F-11D3-BF4B-00C04F79EFBC}") = "Data", "Data\Data.csproj", "{BC96EE99-E02D-4828-82C9-B287E701B2F7}"
EndProject
Project("{FAE04EC0-301F-11D3-BF4B-00C04F79EFBC}") = "CompositionRoot", "CompositionRoot\CompositionRoot.csproj", "{CEF3C0E9-E2AB-4BA4-B925-E4B5A6DCE915}"
EndProject
Global
	GlobalSection(SolutionConfigurationPlatforms) = preSolution
		Debug|Any CPU = Debug|Any CPU
		Release|Any CPU = Release|Any CPU
	EndGlobalSection
	GlobalSection(ProjectConfigurationPlatforms) = postSolution
		{2C0CF455-164C-491F-B35F-3CED8E9B380C}.Debug|Any CPU.ActiveCfg = Debug|Any CPU
		{2C0CF455-164C-491F-B35F-3CED8E9B380C}.Debug|Any CPU.Build.0 = Debug|Any CPU
		{2C0CF455-164C-491F-B35F-3CED8E9B380C}.Release|Any CPU.ActiveCfg = Release|Any CPU
		{2C0CF455-164C-491F-B35F-3CED8E9B380C}.Release|Any CPU.Build.0 = Release|Any CPU
		{65CC16DE-4EAD-4F67-9533-94B2CD1109B5}.Debug|Any CPU.ActiveCfg = Debug|Any CPU
		{65CC16DE-4EAD-4F67-9533-94B2CD1109B5}.Debug|Any CPU.Build.0 = Debug|Any CPU
		{65CC16DE-4EAD-4F67-9533-94B2CD1109B5}.Release|Any CPU.ActiveCfg = Release|Any CPU
		{65CC16DE-4EAD-4F67-9533-94B2CD1109B5}.Release|Any CPU.Build.0 = Release|Any CPU
		{BC96EE99-E02D-4828-82C9-B287E701B2F7}.Debug|Any CPU.ActiveCfg = Debug|Any CPU
		{BC96EE99-E02D-4828-82C9-B287E701B2F7}.Debug|Any CPU.Build.0 = Debug|Any CPU
		{BC96EE99-E02D-4828-82C9-B287E701B2F7}.Release|Any CPU.ActiveCfg = Release|Any CPU
		{BC96EE99-E02D-4828-82C9-B287E701B2F7}.Release|Any CPU.Build.0 = Release|Any CPU
		{CEF3C0E9-E2AB-4BA4-B925-E4B5A6DCE915}.Debug|Any CPU.ActiveCfg = Debug|Any CPU
		{CEF3C0E9-E2AB-4BA4-B925-E4B5A6DCE915}.Debug|Any CPU.Build.0 = Debug|Any CPU
		{CEF3C0E9-E2AB-4BA4-B925-E4B5A6DCE915}.Release|Any CPU.ActiveCfg = Release|Any CPU
		{CEF3C0E9-E2AB-4BA4-B925-E4B5A6DCE915}.Release|Any CPU.Build.0 = Release|Any CPU
	EndGlobalSection
	GlobalSection(SolutionProperties) = preSolution
		HideSolutionNode = FALSE
	EndGlobalSection
	GlobalSection(ExtensibilityGlobals) = postSolution
		SolutionGuid = {FE05A256-FECE-4707-A110-A9CAAF920CB7}
	EndGlobalSection
EndGlobal
